
Microsoft Visual Studio Solution File, Format Version 12.00
# Visual Studio 15
VisualStudioVersion = 15.0.27703.2042
MinimumVisualStudioVersion = 10.0.40219.1
Project("{FAE04EC0-301F-11D3-BF4B-00C04F79EFBC}") = "CarRental", "CarRental\CarRental.csproj", "{6BFEE522-B99E-4FBD-9944-98CCE3E3C912}"
EndProject
Project("{FAE04EC0-301F-11D3-BF4B-00C04F79EFBC}") = "OOPDemo", "OOPDemo\OOPDemo.csproj", "{20315008-6CD8-4712-AB73-0A7A50BD8111}"
EndProject
Project("{FAE04EC0-301F-11D3-BF4B-00C04F79EFBC}") = "CarRental.API", "CarRental.API\CarRental.API.csproj", "{4E8AF30F-707D-4123-B4DE-42030FC3C908}"
EndProject
Project("{FAE04EC0-301F-11D3-BF4B-00C04F79EFBC}") = "CarRental.Client", "CarRental.Client\CarRental.Client.csproj", "{DAFC20BF-B47A-449F-9EA7-04B3BA53AF07}"
EndProject
Project("{FAE04EC0-301F-11D3-BF4B-00C04F79EFBC}") = "EFModelFirstDemo", "EFModelFirstDemo\EFModelFirstDemo.csproj", "{AD0DE5B3-F259-4759-9B86-EDE4583E839C}"
EndProject
Project("{FAE04EC0-301F-11D3-BF4B-00C04F79EFBC}") = "EFDBFirstDemo", "EFDBFirstDemo\EFDBFirstDemo.csproj", "{42C31402-3FB8-4F1D-9C51-158803F58BF0}"
EndProject
Project("{FAE04EC0-301F-11D3-BF4B-00C04F79EFBC}") = "EfCodeFirstDemo", "EfCodeFirstDemo\EfCodeFirstDemo.csproj", "{B29BDEAF-A0FC-4233-8686-74A60DA77AE2}"
EndProject
Project("{FAE04EC0-301F-11D3-BF4B-00C04F79EFBC}") = "SecurityDemo", "SecurityDemo\SecurityDemo.csproj", "{211BA197-F511-4873-B52D-BED76C8D493D}"
EndProject
Project("{FAE04EC0-301F-11D3-BF4B-00C04F79EFBC}") = "APISecurityDemo", "APISecurityDemo\APISecurityDemo.csproj", "{6A3DCDDC-0F52-4F17-88DB-8B58A4E08604}"
EndProject
Global
	GlobalSection(SolutionConfigurationPlatforms) = preSolution
		Debug|Any CPU = Debug|Any CPU
		Release|Any CPU = Release|Any CPU
	EndGlobalSection
	GlobalSection(ProjectConfigurationPlatforms) = postSolution
		{6BFEE522-B99E-4FBD-9944-98CCE3E3C912}.Debug|Any CPU.ActiveCfg = Debug|Any CPU
		{6BFEE522-B99E-4FBD-9944-98CCE3E3C912}.Debug|Any CPU.Build.0 = Debug|Any CPU
		{6BFEE522-B99E-4FBD-9944-98CCE3E3C912}.Release|Any CPU.ActiveCfg = Release|Any CPU
		{6BFEE522-B99E-4FBD-9944-98CCE3E3C912}.Release|Any CPU.Build.0 = Release|Any CPU
		{20315008-6CD8-4712-AB73-0A7A50BD8111}.Debug|Any CPU.ActiveCfg = Debug|Any CPU
		{20315008-6CD8-4712-AB73-0A7A50BD8111}.Debug|Any CPU.Build.0 = Debug|Any CPU
		{20315008-6CD8-4712-AB73-0A7A50BD8111}.Release|Any CPU.ActiveCfg = Release|Any CPU
		{20315008-6CD8-4712-AB73-0A7A50BD8111}.Release|Any CPU.Build.0 = Release|Any CPU
		{4E8AF30F-707D-4123-B4DE-42030FC3C908}.Debug|Any CPU.ActiveCfg = Debug|Any CPU
		{4E8AF30F-707D-4123-B4DE-42030FC3C908}.Debug|Any CPU.Build.0 = Debug|Any CPU
		{4E8AF30F-707D-4123-B4DE-42030FC3C908}.Release|Any CPU.ActiveCfg = Release|Any CPU
		{4E8AF30F-707D-4123-B4DE-42030FC3C908}.Release|Any CPU.Build.0 = Release|Any CPU
		{DAFC20BF-B47A-449F-9EA7-04B3BA53AF07}.Debug|Any CPU.ActiveCfg = Debug|Any CPU
		{DAFC20BF-B47A-449F-9EA7-04B3BA53AF07}.Debug|Any CPU.Build.0 = Debug|Any CPU
		{DAFC20BF-B47A-449F-9EA7-04B3BA53AF07}.Release|Any CPU.ActiveCfg = Release|Any CPU
		{DAFC20BF-B47A-449F-9EA7-04B3BA53AF07}.Release|Any CPU.Build.0 = Release|Any CPU
		{AD0DE5B3-F259-4759-9B86-EDE4583E839C}.Debug|Any CPU.ActiveCfg = Debug|Any CPU
		{AD0DE5B3-F259-4759-9B86-EDE4583E839C}.Debug|Any CPU.Build.0 = Debug|Any CPU
		{AD0DE5B3-F259-4759-9B86-EDE4583E839C}.Release|Any CPU.ActiveCfg = Release|Any CPU
		{AD0DE5B3-F259-4759-9B86-EDE4583E839C}.Release|Any CPU.Build.0 = Release|Any CPU
		{42C31402-3FB8-4F1D-9C51-158803F58BF0}.Debug|Any CPU.ActiveCfg = Debug|Any CPU
		{42C31402-3FB8-4F1D-9C51-158803F58BF0}.Debug|Any CPU.Build.0 = Debug|Any CPU
		{42C31402-3FB8-4F1D-9C51-158803F58BF0}.Release|Any CPU.ActiveCfg = Release|Any CPU
		{42C31402-3FB8-4F1D-9C51-158803F58BF0}.Release|Any CPU.Build.0 = Release|Any CPU
		{B29BDEAF-A0FC-4233-8686-74A60DA77AE2}.Debug|Any CPU.ActiveCfg = Debug|Any CPU
		{B29BDEAF-A0FC-4233-8686-74A60DA77AE2}.Debug|Any CPU.Build.0 = Debug|Any CPU
		{B29BDEAF-A0FC-4233-8686-74A60DA77AE2}.Release|Any CPU.ActiveCfg = Release|Any CPU
		{B29BDEAF-A0FC-4233-8686-74A60DA77AE2}.Release|Any CPU.Build.0 = Release|Any CPU
		{211BA197-F511-4873-B52D-BED76C8D493D}.Debug|Any CPU.ActiveCfg = Debug|Any CPU
		{211BA197-F511-4873-B52D-BED76C8D493D}.Debug|Any CPU.Build.0 = Debug|Any CPU
		{211BA197-F511-4873-B52D-BED76C8D493D}.Release|Any CPU.ActiveCfg = Release|Any CPU
		{211BA197-F511-4873-B52D-BED76C8D493D}.Release|Any CPU.Build.0 = Release|Any CPU
		{6A3DCDDC-0F52-4F17-88DB-8B58A4E08604}.Debug|Any CPU.ActiveCfg = Debug|Any CPU
		{6A3DCDDC-0F52-4F17-88DB-8B58A4E08604}.Debug|Any CPU.Build.0 = Debug|Any CPU
		{6A3DCDDC-0F52-4F17-88DB-8B58A4E08604}.Release|Any CPU.ActiveCfg = Release|Any CPU
		{6A3DCDDC-0F52-4F17-88DB-8B58A4E08604}.Release|Any CPU.Build.0 = Release|Any CPU
	EndGlobalSection
	GlobalSection(SolutionProperties) = preSolution
		HideSolutionNode = FALSE
	EndGlobalSection
	GlobalSection(ExtensibilityGlobals) = postSolution
		SolutionGuid = {4014C020-7F11-4E6A-9369-EFC26EE8B3E5}
	EndGlobalSection
EndGlobal
